// !$*UTF8*$!
{
	archiveVersion = 1;
	classes = {
	};
	objectVersion = 55;
	objects = {

/* Begin PBXBuildFile section */
		EF2260F4285093A400B50B40 /* Realm_ToDoApp.swift in Sources */ = {isa = PBXBuildFile; fileRef = EF2260F3285093A400B50B40 /* Realm_ToDoApp.swift */; };
		EF2260F6285093A400B50B40 /* ContentView.swift in Sources */ = {isa = PBXBuildFile; fileRef = EF2260F5285093A400B50B40 /* ContentView.swift */; };
		EF2260F8285093A400B50B40 /* Assets.xcassets in Resources */ = {isa = PBXBuildFile; fileRef = EF2260F7285093A400B50B40 /* Assets.xcassets */; };
		EF2260FB285093A400B50B40 /* Preview Assets.xcassets in Resources */ = {isa = PBXBuildFile; fileRef = EF2260FA285093A400B50B40 /* Preview Assets.xcassets */; };
		EF226103285093FD00B50B40 /* TasksView.swift in Sources */ = {isa = PBXBuildFile; fileRef = EF226102285093FD00B50B40 /* TasksView.swift */; };
		EF2261062850960900B50B40 /* TaskRow.swift in Sources */ = {isa = PBXBuildFile; fileRef = EF2261052850960900B50B40 /* TaskRow.swift */; };
		EF2261082850975B00B50B40 /* AddTaskView.swift in Sources */ = {isa = PBXBuildFile; fileRef = EF2261072850975B00B50B40 /* AddTaskView.swift */; };
		EF22610A28509BEF00B50B40 /* AddButton.swift in Sources */ = {isa = PBXBuildFile; fileRef = EF22610928509BEF00B50B40 /* AddButton.swift */; };
		EF22610D2850B6ED00B50B40 /* Realm in Frameworks */ = {isa = PBXBuildFile; productRef = EF22610C2850B6ED00B50B40 /* Realm */; };
		EF22610F2850B6ED00B50B40 /* RealmSwift in Frameworks */ = {isa = PBXBuildFile; productRef = EF22610E2850B6ED00B50B40 /* RealmSwift */; };
		EF2261112850E2E500B50B40 /* RealmManager.swift in Sources */ = {isa = PBXBuildFile; fileRef = EF2261102850E2E500B50B40 /* RealmManager.swift */; };
		EF2261132850E3BC00B50B40 /* Task.swift in Sources */ = {isa = PBXBuildFile; fileRef = EF2261122850E3BC00B50B40 /* Task.swift */; };
/* End PBXBuildFile section */

/* Begin PBXFileReference section */
		EF2260F0285093A400B50B40 /* Realm ToDo.app */ = {isa = PBXFileReference; explicitFileType = wrapper.application; includeInIndex = 0; path = "Realm ToDo.app"; sourceTree = BUILT_PRODUCTS_DIR; };
		EF2260F3285093A400B50B40 /* Realm_ToDoApp.swift */ = {isa = PBXFileReference; lastKnownFileType = sourcecode.swift; path = Realm_ToDoApp.swift; sourceTree = "<group>"; };
		EF2260F5285093A400B50B40 /* ContentView.swift */ = {isa = PBXFileReference; lastKnownFileType = sourcecode.swift; path = ContentView.swift; sourceTree = "<group>"; };
		EF2260F7285093A400B50B40 /* Assets.xcassets */ = {isa = PBXFileReference; lastKnownFileType = folder.assetcatalog; path = Assets.xcassets; sourceTree = "<group>"; };
		EF2260FA285093A400B50B40 /* Preview Assets.xcassets */ = {isa = PBXFileReference; lastKnownFileType = folder.assetcatalog; path = "Preview Assets.xcassets"; sourceTree = "<group>"; };
		EF226102285093FD00B50B40 /* TasksView.swift */ = {isa = PBXFileReference; lastKnownFileType = sourcecode.swift; path = TasksView.swift; sourceTree = "<group>"; };
		EF2261052850960900B50B40 /* TaskRow.swift */ = {isa = PBXFileReference; lastKnownFileType = sourcecode.swift; path = TaskRow.swift; sourceTree = "<group>"; };
		EF2261072850975B00B50B40 /* AddTaskView.swift */ = {isa = PBXFileReference; lastKnownFileType = sourcecode.swift; path = AddTaskView.swift; sourceTree = "<group>"; };
		EF22610928509BEF00B50B40 /* AddButton.swift */ = {isa = PBXFileReference; lastKnownFileType = sourcecode.swift; path = AddButton.swift; sourceTree = "<group>"; };
		EF2261102850E2E500B50B40 /* RealmManager.swift */ = {isa = PBXFileReference; lastKnownFileType = sourcecode.swift; path = RealmManager.swift; sourceTree = "<group>"; };
		EF2261122850E3BC00B50B40 /* Task.swift */ = {isa = PBXFileReference; lastKnownFileType = sourcecode.swift; path = Task.swift; sourceTree = "<group>"; };
/* End PBXFileReference section */

/* Begin PBXFrameworksBuildPhase section */
		EF2260ED285093A400B50B40 /* Frameworks */ = {
			isa = PBXFrameworksBuildPhase;
			buildActionMask = 2147483647;
			files = (
				EF22610F2850B6ED00B50B40 /* RealmSwift in Frameworks */,
				EF22610D2850B6ED00B50B40 /* Realm in Frameworks */,
			);
			runOnlyForDeploymentPostprocessing = 0;
		};
/* End PBXFrameworksBuildPhase section */

/* Begin PBXGroup section */
		EF2260E7285093A400B50B40 = {
			isa = PBXGroup;
			children = (
				EF2260F2285093A400B50B40 /* Realm ToDo */,
				EF2260F1285093A400B50B40 /* Products */,
			);
			sourceTree = "<group>";
		};
		EF2260F1285093A400B50B40 /* Products */ = {
			isa = PBXGroup;
			children = (
				EF2260F0285093A400B50B40 /* Realm ToDo.app */,
			);
			name = Products;
			sourceTree = "<group>";
		};
		EF2260F2285093A400B50B40 /* Realm ToDo */ = {
			isa = PBXGroup;
			children = (
				EF2260F3285093A400B50B40 /* Realm_ToDoApp.swift */,
				EF2260F5285093A400B50B40 /* ContentView.swift */,
				EF2261102850E2E500B50B40 /* RealmManager.swift */,
				EF2261122850E3BC00B50B40 /* Task.swift */,
				EF226101285093E300B50B40 /* Views */,
				EF2260F7285093A400B50B40 /* Assets.xcassets */,
				EF2260F9285093A400B50B40 /* Preview Content */,
			);
			path = "Realm ToDo";
			sourceTree = "<group>";
		};
		EF2260F9285093A400B50B40 /* Preview Content */ = {
			isa = PBXGroup;
			children = (
				EF2260FA285093A400B50B40 /* Preview Assets.xcassets */,
			);
			path = "Preview Content";
			sourceTree = "<group>";
		};
		EF226101285093E300B50B40 /* Views */ = {
			isa = PBXGroup;
			children = (
				EF226102285093FD00B50B40 /* TasksView.swift */,
				EF2261052850960900B50B40 /* TaskRow.swift */,
				EF2261072850975B00B50B40 /* AddTaskView.swift */,
				EF22610928509BEF00B50B40 /* AddButton.swift */,
			);
			path = Views;
			sourceTree = "<group>";
		};
/* End PBXGroup section */

/* Begin PBXNativeTarget section */
		EF2260EF285093A400B50B40 /* Realm ToDo */ = {
			isa = PBXNativeTarget;
			buildConfigurationList = EF2260FE285093A400B50B40 /* Build configuration list for PBXNativeTarget "Realm ToDo" */;
			buildPhases = (
				EF2260EC285093A400B50B40 /* Sources */,
				EF2260ED285093A400B50B40 /* Frameworks */,
				EF2260EE285093A400B50B40 /* Resources */,
			);
			buildRules = (
			);
			dependencies = (
			);
			name = "Realm ToDo";
			packageProductDependencies = (
				EF22610C2850B6ED00B50B40 /* Realm */,
				EF22610E2850B6ED00B50B40 /* RealmSwift */,
			);
			productName = "Realm ToDo";
			productReference = EF2260F0285093A400B50B40 /* Realm ToDo.app */;
			productType = "com.apple.product-type.application";
		};
/* End PBXNativeTarget section */

/* Begin PBXProject section */
		EF2260E8285093A400B50B40 /* Project object */ = {
			isa = PBXProject;
			attributes = {
				BuildIndependentTargetsInParallel = 1;
				LastSwiftUpdateCheck = 1340;
				LastUpgradeCheck = 1340;
				TargetAttributes = {
					EF2260EF285093A400B50B40 = {
						CreatedOnToolsVersion = 13.4.1;
					};
				};
			};
			buildConfigurationList = EF2260EB285093A400B50B40 /* Build configuration list for PBXProject "Realm ToDo" */;
			compatibilityVersion = "Xcode 13.0";
			developmentRegion = en;
			hasScannedForEncodings = 0;
			knownRegions = (
				en,
				Base,
			);
			mainGroup = EF2260E7285093A400B50B40;
			packageReferences = (
				EF22610B2850B6ED00B50B40 /* XCRemoteSwiftPackageReference "realm-swift" */,
			);
			productRefGroup = EF2260F1285093A400B50B40 /* Products */;
			projectDirPath = "";
			projectRoot = "";
			targets = (
				EF2260EF285093A400B50B40 /* Realm ToDo */,
			);
		};
/* End PBXProject section */

/* Begin PBXResourcesBuildPhase section */
		EF2260EE285093A400B50B40 /* Resources */ = {
			isa = PBXResourcesBuildPhase;
			buildActionMask = 2147483647;
			files = (
				EF2260FB285093A400B50B40 /* Preview Assets.xcassets in Resources */,
				EF2260F8285093A400B50B40 /* Assets.xcassets in Resources */,
			);
			runOnlyForDeploymentPostprocessing = 0;
		};
/* End PBXResourcesBuildPhase section */

/* Begin PBXSourcesBuildPhase section */
		EF2260EC285093A400B50B40 /* Sources */ = {
			isa = PBXSourcesBuildPhase;
			buildActionMask = 2147483647;
			files = (
				EF2261132850E3BC00B50B40 /* Task.swift in Sources */,
				EF226103285093FD00B50B40 /* TasksView.swift in Sources */,
				EF2261082850975B00B50B40 /* AddTaskView.swift in Sources */,
				EF2260F6285093A400B50B40 /* ContentView.swift in Sources */,
				EF22610A28509BEF00B50B40 /* AddButton.swift in Sources */,
				EF2260F4285093A400B50B40 /* Realm_ToDoApp.swift in Sources */,
				EF2261112850E2E500B50B40 /* RealmManager.swift in Sources */,
				EF2261062850960900B50B40 /* TaskRow.swift in Sources */,
			);
			runOnlyForDeploymentPostprocessing = 0;
		};
/* End PBXSourcesBuildPhase section */

/* Begin XCBuildConfiguration section */
		EF2260FC285093A400B50B40 /* Debug */ = {
			isa = XCBuildConfiguration;
			buildSettings = {
				ALWAYS_SEARCH_USER_PATHS = NO;
				CLANG_ANALYZER_NONNULL = YES;
				CLANG_ANALYZER_NUMBER_OBJECT_CONVERSION = YES_AGGRESSIVE;
				CLANG_CXX_LANGUAGE_STANDARD = "gnu++17";
				CLANG_ENABLE_MODULES = YES;
				CLANG_ENABLE_OBJC_ARC = YES;
				CLANG_ENABLE_OBJC_WEAK = YES;
				CLANG_WARN_BLOCK_CAPTURE_AUTORELEASING = YES;
				CLANG_WARN_BOOL_CONVERSION = YES;
				CLANG_WARN_COMMA = YES;
				CLANG_WARN_CONSTANT_CONVERSION = YES;
				CLANG_WARN_DEPRECATED_OBJC_IMPLEMENTATIONS = YES;
				CLANG_WARN_DIRECT_OBJC_ISA_USAGE = YES_ERROR;
				CLANG_WARN_DOCUMENTATION_COMMENTS = YES;
				CLANG_WARN_EMPTY_BODY = YES;
				CLANG_WARN_ENUM_CONVERSION = YES;
				CLANG_WARN_INFINITE_RECURSION = YES;
				CLANG_WARN_INT_CONVERSION = YES;
				CLANG_WARN_NON_LITERAL_NULL_CONVERSION = YES;
				CLANG_WARN_OBJC_IMPLICIT_RETAIN_SELF = YES;
				CLANG_WARN_OBJC_LITERAL_CONVERSION = YES;
				CLANG_WARN_OBJC_ROOT_CLASS = YES_ERROR;
				CLANG_WARN_QUOTED_INCLUDE_IN_FRAMEWORK_HEADER = YES;
				CLANG_WARN_RANGE_LOOP_ANALYSIS = YES;
				CLANG_WARN_STRICT_PROTOTYPES = YES;
				CLANG_WARN_SUSPICIOUS_MOVE = YES;
				CLANG_WARN_UNGUARDED_AVAILABILITY = YES_AGGRESSIVE;
				CLANG_WARN_UNREACHABLE_CODE = YES;
				CLANG_WARN__DUPLICATE_METHOD_MATCH = YES;
				COPY_PHASE_STRIP = NO;
				DEBUG_INFORMATION_FORMAT = dwarf;
				ENABLE_STRICT_OBJC_MSGSEND = YES;
				ENABLE_TESTABILITY = YES;
				GCC_C_LANGUAGE_STANDARD = gnu11;
				GCC_DYNAMIC_NO_PIC = NO;
				GCC_NO_COMMON_BLOCKS = YES;
				GCC_OPTIMIZATION_LEVEL = 0;
				GCC_PREPROCESSOR_DEFINITIONS = (
					"DEBUG=1",
					"$(inherited)",
				);
				GCC_WARN_64_TO_32_BIT_CONVERSION = YES;
				GCC_WARN_ABOUT_RETURN_TYPE = YES_ERROR;
				GCC_WARN_UNDECLARED_SELECTOR = YES;
				GCC_WARN_UNINITIALIZED_AUTOS = YES_AGGRESSIVE;
				GCC_WARN_UNUSED_FUNCTION = YES;
				GCC_WARN_UNUSED_VARIABLE = YES;
				IPHONEOS_DEPLOYMENT_TARGET = 15.5;
				MTL_ENABLE_DEBUG_INFO = INCLUDE_SOURCE;
				MTL_FAST_MATH = YES;
				ONLY_ACTIVE_ARCH = YES;
				SDKROOT = iphoneos;
				SWIFT_ACTIVE_COMPILATION_CONDITIONS = DEBUG;
				SWIFT_OPTIMIZATION_LEVEL = "-Onone";
			};
			name = Debug;
		};
		EF2260FD285093A400B50B40 /* Release */ = {
			isa = XCBuildConfiguration;
			buildSettings = {
				ALWAYS_SEARCH_USER_PATHS = NO;
				CLANG_ANALYZER_NONNULL = YES;
				CLANG_ANALYZER_NUMBER_OBJECT_CONVERSION = YES_AGGRESSIVE;
				CLANG_CXX_LANGUAGE_STANDARD = "gnu++17";
				CLANG_ENABLE_MODULES = YES;
				CLANG_ENABLE_OBJC_ARC = YES;
				CLANG_ENABLE_OBJC_WEAK = YES;
				CLANG_WARN_BLOCK_CAPTURE_AUTORELEASING = YES;
				CLANG_WARN_BOOL_CONVERSION = YES;
				CLANG_WARN_COMMA = YES;
				CLANG_WARN_CONSTANT_CONVERSION = YES;
				CLANG_WARN_DEPRECATED_OBJC_IMPLEMENTATIONS = YES;
				CLANG_WARN_DIRECT_OBJC_ISA_USAGE = YES_ERROR;
				CLANG_WARN_DOCUMENTATION_COMMENTS = YES;
				CLANG_WARN_EMPTY_BODY = YES;
				CLANG_WARN_ENUM_CONVERSION = YES;
				CLANG_WARN_INFINITE_RECURSION = YES;
				CLANG_WARN_INT_CONVERSION = YES;
				CLANG_WARN_NON_LITERAL_NULL_CONVERSION = YES;
				CLANG_WARN_OBJC_IMPLICIT_RETAIN_SELF = YES;
				CLANG_WARN_OBJC_LITERAL_CONVERSION = YES;
				CLANG_WARN_OBJC_ROOT_CLASS = YES_ERROR;
				CLANG_WARN_QUOTED_INCLUDE_IN_FRAMEWORK_HEADER = YES;
				CLANG_WARN_RANGE_LOOP_ANALYSIS = YES;
				CLANG_WARN_STRICT_PROTOTYPES = YES;
				CLANG_WARN_SUSPICIOUS_MOVE = YES;
				CLANG_WARN_UNGUARDED_AVAILABILITY = YES_AGGRESSIVE;
				CLANG_WARN_UNREACHABLE_CODE = YES;
				CLANG_WARN__DUPLICATE_METHOD_MATCH = YES;
				COPY_PHASE_STRIP = NO;
				DEBUG_INFORMATION_FORMAT = "dwarf-with-dsym";
				ENABLE_NS_ASSERTIONS = NO;
				ENABLE_STRICT_OBJC_MSGSEND = YES;
				GCC_C_LANGUAGE_STANDARD = gnu11;
				GCC_NO_COMMON_BLOCKS = YES;
				GCC_WARN_64_TO_32_BIT_CONVERSION = YES;
				GCC_WARN_ABOUT_RETURN_TYPE = YES_ERROR;
				GCC_WARN_UNDECLARED_SELECTOR = YES;
				GCC_WARN_UNINITIALIZED_AUTOS = YES_AGGRESSIVE;
				GCC_WARN_UNUSED_FUNCTION = YES;
				GCC_WARN_UNUSED_VARIABLE = YES;
				IPHONEOS_DEPLOYMENT_TARGET = 15.5;
				MTL_ENABLE_DEBUG_INFO = NO;
				MTL_FAST_MATH = YES;
				SDKROOT = iphoneos;
				SWIFT_COMPILATION_MODE = wholemodule;
				SWIFT_OPTIMIZATION_LEVEL = "-O";
				VALIDATE_PRODUCT = YES;
			};
			name = Release;
		};
		EF2260FF285093A400B50B40 /* Debug */ = {
			isa = XCBuildConfiguration;
			buildSettings = {
				ASSETCATALOG_COMPILER_APPICON_NAME = AppIcon;
				ASSETCATALOG_COMPILER_GLOBAL_ACCENT_COLOR_NAME = AccentColor;
				CODE_SIGN_STYLE = Automatic;
				CURRENT_PROJECT_VERSION = 1;
				DEVELOPMENT_ASSET_PATHS = "\"Realm ToDo/Preview Content\"";
				DEVELOPMENT_TEAM = 74V9G6TS4A;
				ENABLE_PREVIEWS = YES;
				GENERATE_INFOPLIST_FILE = YES;
				INFOPLIST_KEY_UIApplicationSceneManifest_Generation = YES;
				INFOPLIST_KEY_UIApplicationSupportsIndirectInputEvents = YES;
				INFOPLIST_KEY_UILaunchScreen_Generation = YES;
				INFOPLIST_KEY_UISupportedInterfaceOrientations = UIInterfaceOrientationPortrait;
				INFOPLIST_KEY_UISupportedInterfaceOrientations_iPad = "UIInterfaceOrientationPortrait UIInterfaceOrientationPortraitUpsideDown UIInterfaceOrientationLandscapeLeft UIInterfaceOrientationLandscapeRight";
				INFOPLIST_KEY_UISupportedInterfaceOrientations_iPhone = "UIInterfaceOrientationPortrait UIInterfaceOrientationLandscapeLeft UIInterfaceOrientationLandscapeRight";
				IPHONEOS_DEPLOYMENT_TARGET = 15.0;
				LD_RUNPATH_SEARCH_PATHS = (
					"$(inherited)",
					"@executable_path/Frameworks",
				);
				MARKETING_VERSION = 1.0;
				PRODUCT_BUNDLE_IDENTIFIER = "io.muzh.Realm-ToDo";
				PRODUCT_NAME = "$(TARGET_NAME)";
				SWIFT_EMIT_LOC_STRINGS = YES;
				SWIFT_VERSION = 5.0;
				TARGETED_DEVICE_FAMILY = "1,2";
			};
			name = Debug;
		};
		EF226100285093A400B50B40 /* Release */ = {
			isa = XCBuildConfiguration;
			buildSettings = {
				ASSETCATALOG_COMPILER_APPICON_NAME = AppIcon;
				ASSETCATALOG_COMPILER_GLOBAL_ACCENT_COLOR_NAME = AccentColor;
				CODE_SIGN_STYLE = Automatic;
				CURRENT_PROJECT_VERSION = 1;
				DEVELOPMENT_ASSET_PATHS = "\"Realm ToDo/Preview Content\"";
				DEVELOPMENT_TEAM = 74V9G6TS4A;
				ENABLE_PREVIEWS = YES;
				GENERATE_INFOPLIST_FILE = YES;
				INFOPLIST_KEY_UIApplicationSceneManifest_Generation = YES;
				INFOPLIST_KEY_UIApplicationSupportsIndirectInputEvents = YES;
				INFOPLIST_KEY_UILaunchScreen_Generation = YES;
				INFOPLIST_KEY_UISupportedInterfaceOrientations = UIInterfaceOrientationPortrait;
				INFOPLIST_KEY_UISupportedInterfaceOrientations_iPad = "UIInterfaceOrientationPortrait UIInterfaceOrientationPortraitUpsideDown UIInterfaceOrientationLandscapeLeft UIInterfaceOrientationLandscapeRight";
				INFOPLIST_KEY_UISupportedInterfaceOrientations_iPhone = "UIInterfaceOrientationPortrait UIInterfaceOrientationLandscapeLeft UIInterfaceOrientationLandscapeRight";
				IPHONEOS_DEPLOYMENT_TARGET = 15.0;
				LD_RUNPATH_SEARCH_PATHS = (
					"$(inherited)",
					"@executable_path/Frameworks",
				);
				MARKETING_VERSION = 1.0;
				PRODUCT_BUNDLE_IDENTIFIER = "io.muzh.Realm-ToDo";
				PRODUCT_NAME = "$(TARGET_NAME)";
				SWIFT_EMIT_LOC_STRINGS = YES;
				SWIFT_VERSION = 5.0;
				TARGETED_DEVICE_FAMILY = "1,2";
			};
			name = Release;
		};
/* End XCBuildConfiguration section */

/* Begin XCConfigurationList section */
		EF2260EB285093A400B50B40 /* Build configuration list for PBXProject "Realm ToDo" */ = {
			isa = XCConfigurationList;
			buildConfigurations = (
				EF2260FC285093A400B50B40 /* Debug */,
				EF2260FD285093A400B50B40 /* Release */,
			);
			defaultConfigurationIsVisible = 0;
			defaultConfigurationName = Release;
		};
		EF2260FE285093A400B50B40 /* Build configuration list for PBXNativeTarget "Realm ToDo" */ = {
			isa = XCConfigurationList;
			buildConfigurations = (
				EF2260FF285093A400B50B40 /* Debug */,
				EF226100285093A400B50B40 /* Release */,
			);
			defaultConfigurationIsVisible = 0;
			defaultConfigurationName = Release;
		};
/* End XCConfigurationList section */

/* Begin XCRemoteSwiftPackageReference section */
		EF22610B2850B6ED00B50B40 /* XCRemoteSwiftPackageReference "realm-swift" */ = {
			isa = XCRemoteSwiftPackageReference;
			repositoryURL = "https://github.com/realm/realm-swift";
			requirement = {
				kind = upToNextMajorVersion;
				minimumVersion = 10.20.0;
			};
		};
/* End XCRemoteSwiftPackageReference section */

/* Begin XCSwiftPackageProductDependency section */
		EF22610C2850B6ED00B50B40 /* Realm */ = {
			isa = XCSwiftPackageProductDependency;
			package = EF22610B2850B6ED00B50B40 /* XCRemoteSwiftPackageReference "realm-swift" */;
			productName = Realm;
		};
		EF22610E2850B6ED00B50B40 /* RealmSwift */ = {
			isa = XCSwiftPackageProductDependency;
			package = EF22610B2850B6ED00B50B40 /* XCRemoteSwiftPackageReference "realm-swift" */;
			productName = RealmSwift;
		};
/* End XCSwiftPackageProductDependency section */
	};
	rootObject = EF2260E8285093A400B50B40 /* Project object */;
}
